
Microsoft Visual Studio Solution File, Format Version 12.00
# Visual Studio Version 17
VisualStudioVersion = 17.14.36203.30 d17.14
MinimumVisualStudioVersion = 10.0.40219.1
Project("{FAE04EC0-301F-11D3-BF4B-00C04F79EFBC}") = "LearningPlus", "LearningPlus\LearningPlus.csproj", "{E5F2550A-A177-41AB-A644-B0760D4F2BA2}"
EndProject
Global
	GlobalSection(SolutionConfigurationPlatforms) = preSolution
		Debug|Any CPU = Debug|Any CPU
		Release|Any CPU = Release|Any CPU
	EndGlobalSection
	GlobalSection(ProjectConfigurationPlatforms) = postSolution
		{E5F2550A-A177-41AB-A644-B0760D4F2BA2}.Debug|Any CPU.ActiveCfg = Debug|Any CPU
		{E5F2550A-A177-41AB-A644-B0760D4F2BA2}.Debug|Any CPU.Build.0 = Debug|Any CPU
		{E5F2550A-A177-41AB-A644-B0760D4F2BA2}.Release|Any CPU.ActiveCfg = Release|Any CPU
		{E5F2550A-A177-41AB-A644-B0760D4F2BA2}.Release|Any CPU.Build.0 = Release|Any CPU
	EndGlobalSection
	GlobalSection(SolutionProperties) = preSolution
		HideSolutionNode = FALSE
	EndGlobalSection
	GlobalSection(ExtensibilityGlobals) = postSolution
		SolutionGuid = {7D3517D6-68E6-48EB-BC60-0E85504E29AC}
	EndGlobalSection
EndGlobal
